
Microsoft Visual Studio Solution File, Format Version 12.00
# Visual Studio Version 17
VisualStudioVersion = 17.14.36221.1 d17.14
MinimumVisualStudioVersion = 10.0.40219.1
Project("{FAE04EC0-301F-11D3-BF4B-00C04F79EFBC}") = "Ejercicio 4", "Ejercicio 4\Ejercicio 4.csproj", "{FAB9907D-2987-4C0A-AA1E-8E740DE85AD2}"
EndProject
Global
	GlobalSection(SolutionConfigurationPlatforms) = preSolution
		Debug|Any CPU = Debug|Any CPU
		Release|Any CPU = Release|Any CPU
	EndGlobalSection
	GlobalSection(ProjectConfigurationPlatforms) = postSolution
		{FAB9907D-2987-4C0A-AA1E-8E740DE85AD2}.Debug|Any CPU.ActiveCfg = Debug|Any CPU
		{FAB9907D-2987-4C0A-AA1E-8E740DE85AD2}.Debug|Any CPU.Build.0 = Debug|Any CPU
		{FAB9907D-2987-4C0A-AA1E-8E740DE85AD2}.Release|Any CPU.ActiveCfg = Release|Any CPU
		{FAB9907D-2987-4C0A-AA1E-8E740DE85AD2}.Release|Any CPU.Build.0 = Release|Any CPU
	EndGlobalSection
	GlobalSection(SolutionProperties) = preSolution
		HideSolutionNode = FALSE
	EndGlobalSection
	GlobalSection(ExtensibilityGlobals) = postSolution
		SolutionGuid = {779F5831-7614-4FC5-BA21-E4BB59781C56}
	EndGlobalSection
EndGlobal
